
Microsoft Visual Studio Solution File, Format Version 12.00
# Visual Studio Version 17
VisualStudioVersion = 17.0.31903.59
MinimumVisualStudioVersion = 10.0.40219.1
Project("{2150E333-8FDC-42A3-9474-1A3956D46DE8}") = "Calculator", "Calculator", "{9CF361E3-529B-4836-B464-CA739B883177}"
EndProject
Project("{9A19103F-16F7-4668-BE54-9A1E7A4F7556}") = "CalculatorAPI", "Calculator\CalculatorAPI\CalculatorAPI.csproj", "{BD0284B6-6C59-45F4-9435-7FEF2DA222C1}"
EndProject
Project("{9A19103F-16F7-4668-BE54-9A1E7A4F7556}") = "Addition-API", "Addition-API\Addition-API.csproj", "{A0BD29FD-C848-45C6-BD84-10CC5A987750}"
EndProject
Project("{2150E333-8FDC-42A3-9474-1A3956D46DE8}") = "Multiplication", "Multiplication", "{6FD002FC-74E8-48DC-95E7-CE4AD89D90F8}"
EndProject
Project("{9A19103F-16F7-4668-BE54-9A1E7A4F7556}") = "Domain", "Domain\Domain.csproj", "{69431B94-B02E-4FCE-9702-0BEED7377D86}"
EndProject
Project("{2150E333-8FDC-42A3-9474-1A3956D46DE8}") = "Addition", "Addition", "{35599D7C-E0A5-487D-9CF0-0A43A9468C73}"
EndProject
Project("{2150E333-8FDC-42A3-9474-1A3956D46DE8}") = "Division", "Division", "{265E026A-23E0-44BE-81CA-79B01A69A181}"
EndProject
Project("{9A19103F-16F7-4668-BE54-9A1E7A4F7556}") = "Division-API", "Division-API\Division-API.csproj", "{C8294328-AA31-4DF4-8971-BF8DF868F655}"
EndProject
Project("{2150E333-8FDC-42A3-9474-1A3956D46DE8}") = "Subtraction", "Subtraction", "{6D23E912-6BFF-4839-B2BA-269BFCAC6FA5}"
EndProject
Project("{9A19103F-16F7-4668-BE54-9A1E7A4F7556}") = "SubtractionAPI", "Subtraction\SubtractionAPI\SubtractionAPI.csproj", "{9E27197F-B6B1-470A-9F08-2048BCB38D30}"
EndProject
Project("{2150E333-8FDC-42A3-9474-1A3956D46DE8}") = "Memory", "Memory", "{6A3DFE0C-94BA-49F8-975B-1276D970B054}"
EndProject
Project("{9A19103F-16F7-4668-BE54-9A1E7A4F7556}") = "MemoryAPI", "MemoryAPI\MemoryAPI.csproj", "{BBBD264D-69EC-41F2-B177-A5761ADD6E93}"
EndProject
Project("{9A19103F-16F7-4668-BE54-9A1E7A4F7556}") = "CalcApplication", "Calculator\CalcService\CalcApplication.csproj", "{E84F3298-84E5-4F70-8EF3-A62C31118B83}"
EndProject
Project("{9A19103F-16F7-4668-BE54-9A1E7A4F7556}") = "CalcInfrastruture", "Calculator\CalcInfrastruture\CalcInfrastruture.csproj", "{F5319904-93DB-4BC4-9128-998112159102}"
EndProject
Project("{9A19103F-16F7-4668-BE54-9A1E7A4F7556}") = "MultiplicationAPI", "MultiplicationAPI\MultiplicationAPI.csproj", "{E2C0594C-6A24-4CFF-B489-4F8A78B98A1B}"
EndProject
Global
	GlobalSection(SolutionConfigurationPlatforms) = preSolution
		Debug|Any CPU = Debug|Any CPU
		Release|Any CPU = Release|Any CPU
	EndGlobalSection
	GlobalSection(ProjectConfigurationPlatforms) = postSolution
		{BD0284B6-6C59-45F4-9435-7FEF2DA222C1}.Debug|Any CPU.ActiveCfg = Debug|Any CPU
		{BD0284B6-6C59-45F4-9435-7FEF2DA222C1}.Debug|Any CPU.Build.0 = Debug|Any CPU
		{BD0284B6-6C59-45F4-9435-7FEF2DA222C1}.Release|Any CPU.ActiveCfg = Release|Any CPU
		{BD0284B6-6C59-45F4-9435-7FEF2DA222C1}.Release|Any CPU.Build.0 = Release|Any CPU
		{A0BD29FD-C848-45C6-BD84-10CC5A987750}.Debug|Any CPU.ActiveCfg = Debug|Any CPU
		{A0BD29FD-C848-45C6-BD84-10CC5A987750}.Debug|Any CPU.Build.0 = Debug|Any CPU
		{A0BD29FD-C848-45C6-BD84-10CC5A987750}.Release|Any CPU.ActiveCfg = Release|Any CPU
		{A0BD29FD-C848-45C6-BD84-10CC5A987750}.Release|Any CPU.Build.0 = Release|Any CPU
		{69431B94-B02E-4FCE-9702-0BEED7377D86}.Debug|Any CPU.ActiveCfg = Debug|Any CPU
		{69431B94-B02E-4FCE-9702-0BEED7377D86}.Debug|Any CPU.Build.0 = Debug|Any CPU
		{69431B94-B02E-4FCE-9702-0BEED7377D86}.Release|Any CPU.ActiveCfg = Release|Any CPU
		{69431B94-B02E-4FCE-9702-0BEED7377D86}.Release|Any CPU.Build.0 = Release|Any CPU
		{C8294328-AA31-4DF4-8971-BF8DF868F655}.Debug|Any CPU.ActiveCfg = Debug|Any CPU
		{C8294328-AA31-4DF4-8971-BF8DF868F655}.Debug|Any CPU.Build.0 = Debug|Any CPU
		{C8294328-AA31-4DF4-8971-BF8DF868F655}.Release|Any CPU.ActiveCfg = Release|Any CPU
		{C8294328-AA31-4DF4-8971-BF8DF868F655}.Release|Any CPU.Build.0 = Release|Any CPU
		{9E27197F-B6B1-470A-9F08-2048BCB38D30}.Debug|Any CPU.ActiveCfg = Debug|Any CPU
		{9E27197F-B6B1-470A-9F08-2048BCB38D30}.Debug|Any CPU.Build.0 = Debug|Any CPU
		{9E27197F-B6B1-470A-9F08-2048BCB38D30}.Release|Any CPU.ActiveCfg = Release|Any CPU
		{9E27197F-B6B1-470A-9F08-2048BCB38D30}.Release|Any CPU.Build.0 = Release|Any CPU
		{BBBD264D-69EC-41F2-B177-A5761ADD6E93}.Debug|Any CPU.ActiveCfg = Debug|Any CPU
		{BBBD264D-69EC-41F2-B177-A5761ADD6E93}.Debug|Any CPU.Build.0 = Debug|Any CPU
		{BBBD264D-69EC-41F2-B177-A5761ADD6E93}.Release|Any CPU.ActiveCfg = Release|Any CPU
		{BBBD264D-69EC-41F2-B177-A5761ADD6E93}.Release|Any CPU.Build.0 = Release|Any CPU
		{E84F3298-84E5-4F70-8EF3-A62C31118B83}.Debug|Any CPU.ActiveCfg = Debug|Any CPU
		{E84F3298-84E5-4F70-8EF3-A62C31118B83}.Debug|Any CPU.Build.0 = Debug|Any CPU
		{E84F3298-84E5-4F70-8EF3-A62C31118B83}.Release|Any CPU.ActiveCfg = Release|Any CPU
		{E84F3298-84E5-4F70-8EF3-A62C31118B83}.Release|Any CPU.Build.0 = Release|Any CPU
		{F5319904-93DB-4BC4-9128-998112159102}.Debug|Any CPU.ActiveCfg = Debug|Any CPU
		{F5319904-93DB-4BC4-9128-998112159102}.Debug|Any CPU.Build.0 = Debug|Any CPU
		{F5319904-93DB-4BC4-9128-998112159102}.Release|Any CPU.ActiveCfg = Release|Any CPU
		{F5319904-93DB-4BC4-9128-998112159102}.Release|Any CPU.Build.0 = Release|Any CPU
		{E2C0594C-6A24-4CFF-B489-4F8A78B98A1B}.Debug|Any CPU.ActiveCfg = Debug|Any CPU
		{E2C0594C-6A24-4CFF-B489-4F8A78B98A1B}.Debug|Any CPU.Build.0 = Debug|Any CPU
		{E2C0594C-6A24-4CFF-B489-4F8A78B98A1B}.Release|Any CPU.ActiveCfg = Release|Any CPU
		{E2C0594C-6A24-4CFF-B489-4F8A78B98A1B}.Release|Any CPU.Build.0 = Release|Any CPU
	EndGlobalSection
	GlobalSection(SolutionProperties) = preSolution
		HideSolutionNode = FALSE
	EndGlobalSection
	GlobalSection(NestedProjects) = preSolution
		{BD0284B6-6C59-45F4-9435-7FEF2DA222C1} = {9CF361E3-529B-4836-B464-CA739B883177}
		{C8294328-AA31-4DF4-8971-BF8DF868F655} = {265E026A-23E0-44BE-81CA-79B01A69A181}
		{9E27197F-B6B1-470A-9F08-2048BCB38D30} = {6D23E912-6BFF-4839-B2BA-269BFCAC6FA5}
		{BBBD264D-69EC-41F2-B177-A5761ADD6E93} = {6A3DFE0C-94BA-49F8-975B-1276D970B054}
		{E84F3298-84E5-4F70-8EF3-A62C31118B83} = {9CF361E3-529B-4836-B464-CA739B883177}
		{F5319904-93DB-4BC4-9128-998112159102} = {9CF361E3-529B-4836-B464-CA739B883177}
		{E2C0594C-6A24-4CFF-B489-4F8A78B98A1B} = {6FD002FC-74E8-48DC-95E7-CE4AD89D90F8}
	EndGlobalSection
EndGlobal
