
Microsoft Visual Studio Solution File, Format Version 12.00
# Visual Studio Version 17
VisualStudioVersion = 17.0.31903.59
MinimumVisualStudioVersion = 10.0.40219.1
Project("{2150E333-8FDC-42A3-9474-1A3956D46DE8}") = "Calculator", "Calculator", "{9CF361E3-529B-4836-B464-CA739B883177}"
EndProject
Project("{9A19103F-16F7-4668-BE54-9A1E7A4F7556}") = "CalculatorAPI", "Calculator\CalculatorAPI\CalculatorAPI.csproj", "{BD0284B6-6C59-45F4-9435-7FEF2DA222C1}"
EndProject
Project("{FAE04EC0-301F-11D3-BF4B-00C04F79EFBC}") = "Addition-API", "Addition-API\Addition-API.csproj", "{6F5CC823-9283-4B10-BB00-A53725A06F87}"
Project("{2150E333-8FDC-42A3-9474-1A3956D46DE8}") = "Mutiplecation", "Mutiplecation", "{6FD002FC-74E8-48DC-95E7-CE4AD89D90F8}"
EndProject
Project("{FAE04EC0-301F-11D3-BF4B-00C04F79EFBC}") = "MutiplecationAPI", "MutiplecationAPI\MutiplecationAPI.csproj", "{5D0181F4-4358-4327-9279-9EA144060B0B}"
EndProject
Project("{FAE04EC0-301F-11D3-BF4B-00C04F79EFBC}") = "MutiplecationService", "MutiplecationService\MutiplecationService.csproj", "{1D74BFF8-79DC-4C69-A9E1-A00AD2ABEC88}"
EndProject
Project("{FAE04EC0-301F-11D3-BF4B-00C04F79EFBC}") = "Domain", "Domain\Domain.csproj", "{69431B94-B02E-4FCE-9702-0BEED7377D86}"
EndProject
Project("{2150E333-8FDC-42A3-9474-1A3956D46DE8}") = "Subtraction", "Subtraction", "{6D23E912-6BFF-4839-B2BA-269BFCAC6FA5}"
EndProject
Project("{FAE04EC0-301F-11D3-BF4B-00C04F79EFBC}") = "SubtractionAPI", "Subtraction\SubtractionAPI\SubtractionAPI.csproj", "{9E27197F-B6B1-470A-9F08-2048BCB38D30}"
EndProject
Global
	GlobalSection(SolutionConfigurationPlatforms) = preSolution
		Debug|Any CPU = Debug|Any CPU
		Release|Any CPU = Release|Any CPU
	EndGlobalSection
	GlobalSection(ProjectConfigurationPlatforms) = postSolution
		{BD0284B6-6C59-45F4-9435-7FEF2DA222C1}.Debug|Any CPU.ActiveCfg = Debug|Any CPU
		{BD0284B6-6C59-45F4-9435-7FEF2DA222C1}.Debug|Any CPU.Build.0 = Debug|Any CPU
		{BD0284B6-6C59-45F4-9435-7FEF2DA222C1}.Release|Any CPU.ActiveCfg = Release|Any CPU
		{BD0284B6-6C59-45F4-9435-7FEF2DA222C1}.Release|Any CPU.Build.0 = Release|Any CPU
		{69431B94-B02E-4FCE-9702-0BEED7377D86}.Debug|Any CPU.ActiveCfg = Debug|Any CPU
		{69431B94-B02E-4FCE-9702-0BEED7377D86}.Debug|Any CPU.Build.0 = Debug|Any CPU
		{69431B94-B02E-4FCE-9702-0BEED7377D86}.Release|Any CPU.ActiveCfg = Release|Any CPU
		{69431B94-B02E-4FCE-9702-0BEED7377D86}.Release|Any CPU.Build.0 = Release|Any CPU
		{9E27197F-B6B1-470A-9F08-2048BCB38D30}.Debug|Any CPU.ActiveCfg = Debug|Any CPU
		{9E27197F-B6B1-470A-9F08-2048BCB38D30}.Debug|Any CPU.Build.0 = Debug|Any CPU
		{9E27197F-B6B1-470A-9F08-2048BCB38D30}.Release|Any CPU.ActiveCfg = Release|Any CPU
		{9E27197F-B6B1-470A-9F08-2048BCB38D30}.Release|Any CPU.Build.0 = Release|Any CPU
		{6F5CC823-9283-4B10-BB00-A53725A06F87}.Debug|Any CPU.ActiveCfg = Debug|Any CPU
		{6F5CC823-9283-4B10-BB00-A53725A06F87}.Debug|Any CPU.Build.0 = Debug|Any CPU
		{6F5CC823-9283-4B10-BB00-A53725A06F87}.Release|Any CPU.ActiveCfg = Release|Any CPU
		{6F5CC823-9283-4B10-BB00-A53725A06F87}.Release|Any CPU.Build.0 = Release|Any CPU
		{5D0181F4-4358-4327-9279-9EA144060B0B}.Debug|Any CPU.ActiveCfg = Debug|Any CPU
		{5D0181F4-4358-4327-9279-9EA144060B0B}.Debug|Any CPU.Build.0 = Debug|Any CPU
		{5D0181F4-4358-4327-9279-9EA144060B0B}.Release|Any CPU.ActiveCfg = Release|Any CPU
		{5D0181F4-4358-4327-9279-9EA144060B0B}.Release|Any CPU.Build.0 = Release|Any CPU
		{1D74BFF8-79DC-4C69-A9E1-A00AD2ABEC88}.Debug|Any CPU.ActiveCfg = Debug|Any CPU
		{1D74BFF8-79DC-4C69-A9E1-A00AD2ABEC88}.Debug|Any CPU.Build.0 = Debug|Any CPU
		{1D74BFF8-79DC-4C69-A9E1-A00AD2ABEC88}.Release|Any CPU.ActiveCfg = Release|Any CPU
		{1D74BFF8-79DC-4C69-A9E1-A00AD2ABEC88}.Release|Any CPU.Build.0 = Release|Any CPU
	EndGlobalSection
	GlobalSection(SolutionProperties) = preSolution
		HideSolutionNode = FALSE
	EndGlobalSection
	GlobalSection(NestedProjects) = preSolution
		{BD0284B6-6C59-45F4-9435-7FEF2DA222C1} = {9CF361E3-529B-4836-B464-CA739B883177}
		{9E27197F-B6B1-470A-9F08-2048BCB38D30} = {6D23E912-6BFF-4839-B2BA-269BFCAC6FA5}
		{5D0181F4-4358-4327-9279-9EA144060B0B} = {6FD002FC-74E8-48DC-95E7-CE4AD89D90F8}
		{1D74BFF8-79DC-4C69-A9E1-A00AD2ABEC88} = {6FD002FC-74E8-48DC-95E7-CE4AD89D90F8}
	EndGlobalSection
EndGlobal
